
Microsoft Visual Studio Solution File, Format Version 12.00
# Visual Studio Version 16
VisualStudioVersion = 16.0.30517.126
MinimumVisualStudioVersion = 10.0.40219.1
Project("{9A19103F-16F7-4668-BE54-9A1E7A4F7556}") = "SignalRDemo", "SignalRDemo\SignalRDemo.csproj", "{FBA55784-4B3E-4C68-9975-4A5ADA39DA9B}"
EndProject
Global
	GlobalSection(SolutionConfigurationPlatforms) = preSolution
		Debug|Any CPU = Debug|Any CPU
		Release|Any CPU = Release|Any CPU
	EndGlobalSection
	GlobalSection(ProjectConfigurationPlatforms) = postSolution
		{FBA55784-4B3E-4C68-9975-4A5ADA39DA9B}.Debug|Any CPU.ActiveCfg = Debug|Any CPU
		{FBA55784-4B3E-4C68-9975-4A5ADA39DA9B}.Debug|Any CPU.Build.0 = Debug|Any CPU
		{FBA55784-4B3E-4C68-9975-4A5ADA39DA9B}.Release|Any CPU.ActiveCfg = Release|Any CPU
		{FBA55784-4B3E-4C68-9975-4A5ADA39DA9B}.Release|Any CPU.Build.0 = Release|Any CPU
	EndGlobalSection
	GlobalSection(SolutionProperties) = preSolution
		HideSolutionNode = FALSE
	EndGlobalSection
	GlobalSection(ExtensibilityGlobals) = postSolution
		SolutionGuid = {84C1811B-655B-4AF2-92F6-AE65F77DAC4B}
	EndGlobalSection
EndGlobal
